
Microsoft Visual Studio Solution File, Format Version 12.00
# Visual Studio Version 17
VisualStudioVersion = 17.0.31903.59
MinimumVisualStudioVersion = 10.0.40219.1
Project("{FAE04EC0-301F-11D3-BF4B-00C04F79EFBC}") = "NetWatch.Sdk", "NetWatch.Sdk\NetWatch.Sdk.csproj", "{5FEA752F-4831-49A9-8C3A-D09D92C1C13E}"
EndProject
Project("{FAE04EC0-301F-11D3-BF4B-00C04F79EFBC}") = "ExampleApi", "..\examples\ExampleApi\ExampleApi.csproj", "{8EF91426-1D1F-4794-87C4-044469D4C3A9}"
EndProject
Project("{2150E333-8FDC-42A3-9474-1A3956D46DE8}") = "src", "src", "{02EA681E-C7D8-13C7-8484-4AC65E1B71E8}"
EndProject
Project("{2150E333-8FDC-42A3-9474-1A3956D46DE8}") = "examples", "examples", "{AA9CD1B8-5EBC-43CA-AAB6-44F327CAE139}"
EndProject
Project("{FAE04EC0-301F-11D3-BF4B-00C04F79EFBC}") = "NetWatch.Collector", "NetWatch.Collector\NetWatch.Collector.csproj", "{D58A2694-872A-4321-8872-7A447BA27188}"
EndProject
Project("{FAE04EC0-301F-11D3-BF4B-00C04F79EFBC}") = "NetWatch.Shared", "NetWatch.Shared\NetWatch.Shared.csproj", "{F7C39843-3C46-4D22-BABC-E4C58B840011}"
EndProject
Global
	GlobalSection(SolutionConfigurationPlatforms) = preSolution
		Debug|Any CPU = Debug|Any CPU
		Debug|x64 = Debug|x64
		Debug|x86 = Debug|x86
		Release|Any CPU = Release|Any CPU
		Release|x64 = Release|x64
		Release|x86 = Release|x86
	EndGlobalSection
	GlobalSection(ProjectConfigurationPlatforms) = postSolution
		{5FEA752F-4831-49A9-8C3A-D09D92C1C13E}.Debug|Any CPU.ActiveCfg = Debug|Any CPU
		{5FEA752F-4831-49A9-8C3A-D09D92C1C13E}.Debug|Any CPU.Build.0 = Debug|Any CPU
		{5FEA752F-4831-49A9-8C3A-D09D92C1C13E}.Debug|x64.ActiveCfg = Debug|Any CPU
		{5FEA752F-4831-49A9-8C3A-D09D92C1C13E}.Debug|x64.Build.0 = Debug|Any CPU
		{5FEA752F-4831-49A9-8C3A-D09D92C1C13E}.Debug|x86.ActiveCfg = Debug|Any CPU
		{5FEA752F-4831-49A9-8C3A-D09D92C1C13E}.Debug|x86.Build.0 = Debug|Any CPU
		{5FEA752F-4831-49A9-8C3A-D09D92C1C13E}.Release|Any CPU.ActiveCfg = Release|Any CPU
		{5FEA752F-4831-49A9-8C3A-D09D92C1C13E}.Release|Any CPU.Build.0 = Release|Any CPU
		{5FEA752F-4831-49A9-8C3A-D09D92C1C13E}.Release|x64.ActiveCfg = Release|Any CPU
		{5FEA752F-4831-49A9-8C3A-D09D92C1C13E}.Release|x64.Build.0 = Release|Any CPU
		{5FEA752F-4831-49A9-8C3A-D09D92C1C13E}.Release|x86.ActiveCfg = Release|Any CPU
		{5FEA752F-4831-49A9-8C3A-D09D92C1C13E}.Release|x86.Build.0 = Release|Any CPU
		{8EF91426-1D1F-4794-87C4-044469D4C3A9}.Debug|Any CPU.ActiveCfg = Debug|Any CPU
		{8EF91426-1D1F-4794-87C4-044469D4C3A9}.Debug|Any CPU.Build.0 = Debug|Any CPU
		{8EF91426-1D1F-4794-87C4-044469D4C3A9}.Debug|x64.ActiveCfg = Debug|Any CPU
		{8EF91426-1D1F-4794-87C4-044469D4C3A9}.Debug|x64.Build.0 = Debug|Any CPU
		{8EF91426-1D1F-4794-87C4-044469D4C3A9}.Debug|x86.ActiveCfg = Debug|Any CPU
		{8EF91426-1D1F-4794-87C4-044469D4C3A9}.Debug|x86.Build.0 = Debug|Any CPU
		{8EF91426-1D1F-4794-87C4-044469D4C3A9}.Release|Any CPU.ActiveCfg = Release|Any CPU
		{8EF91426-1D1F-4794-87C4-044469D4C3A9}.Release|Any CPU.Build.0 = Release|Any CPU
		{8EF91426-1D1F-4794-87C4-044469D4C3A9}.Release|x64.ActiveCfg = Release|Any CPU
		{8EF91426-1D1F-4794-87C4-044469D4C3A9}.Release|x64.Build.0 = Release|Any CPU
		{8EF91426-1D1F-4794-87C4-044469D4C3A9}.Release|x86.ActiveCfg = Release|Any CPU
		{8EF91426-1D1F-4794-87C4-044469D4C3A9}.Release|x86.Build.0 = Release|Any CPU
		{D58A2694-872A-4321-8872-7A447BA27188}.Debug|Any CPU.ActiveCfg = Debug|Any CPU
		{D58A2694-872A-4321-8872-7A447BA27188}.Debug|Any CPU.Build.0 = Debug|Any CPU
		{D58A2694-872A-4321-8872-7A447BA27188}.Debug|x64.ActiveCfg = Debug|Any CPU
		{D58A2694-872A-4321-8872-7A447BA27188}.Debug|x64.Build.0 = Debug|Any CPU
		{D58A2694-872A-4321-8872-7A447BA27188}.Debug|x86.ActiveCfg = Debug|Any CPU
		{D58A2694-872A-4321-8872-7A447BA27188}.Debug|x86.Build.0 = Debug|Any CPU
		{D58A2694-872A-4321-8872-7A447BA27188}.Release|Any CPU.ActiveCfg = Release|Any CPU
		{D58A2694-872A-4321-8872-7A447BA27188}.Release|Any CPU.Build.0 = Release|Any CPU
		{D58A2694-872A-4321-8872-7A447BA27188}.Release|x64.ActiveCfg = Release|Any CPU
		{D58A2694-872A-4321-8872-7A447BA27188}.Release|x64.Build.0 = Release|Any CPU
		{D58A2694-872A-4321-8872-7A447BA27188}.Release|x86.ActiveCfg = Release|Any CPU
		{D58A2694-872A-4321-8872-7A447BA27188}.Release|x86.Build.0 = Release|Any CPU
		{F7C39843-3C46-4D22-BABC-E4C58B840011}.Debug|Any CPU.ActiveCfg = Debug|Any CPU
		{F7C39843-3C46-4D22-BABC-E4C58B840011}.Debug|Any CPU.Build.0 = Debug|Any CPU
		{F7C39843-3C46-4D22-BABC-E4C58B840011}.Debug|x64.ActiveCfg = Debug|Any CPU
		{F7C39843-3C46-4D22-BABC-E4C58B840011}.Debug|x64.Build.0 = Debug|Any CPU
		{F7C39843-3C46-4D22-BABC-E4C58B840011}.Debug|x86.ActiveCfg = Debug|Any CPU
		{F7C39843-3C46-4D22-BABC-E4C58B840011}.Debug|x86.Build.0 = Debug|Any CPU
		{F7C39843-3C46-4D22-BABC-E4C58B840011}.Release|Any CPU.ActiveCfg = Release|Any CPU
		{F7C39843-3C46-4D22-BABC-E4C58B840011}.Release|Any CPU.Build.0 = Release|Any CPU
		{F7C39843-3C46-4D22-BABC-E4C58B840011}.Release|x64.ActiveCfg = Release|Any CPU
		{F7C39843-3C46-4D22-BABC-E4C58B840011}.Release|x64.Build.0 = Release|Any CPU
		{F7C39843-3C46-4D22-BABC-E4C58B840011}.Release|x86.ActiveCfg = Release|Any CPU
		{F7C39843-3C46-4D22-BABC-E4C58B840011}.Release|x86.Build.0 = Release|Any CPU
	EndGlobalSection
	GlobalSection(SolutionProperties) = preSolution
		HideSolutionNode = FALSE
	EndGlobalSection
	GlobalSection(NestedProjects) = preSolution
		{5FEA752F-4831-49A9-8C3A-D09D92C1C13E} = {02EA681E-C7D8-13C7-8484-4AC65E1B71E8}
		{8EF91426-1D1F-4794-87C4-044469D4C3A9} = {AA9CD1B8-5EBC-43CA-AAB6-44F327CAE139}
		{D58A2694-872A-4321-8872-7A447BA27188} = {02EA681E-C7D8-13C7-8484-4AC65E1B71E8}
		{F7C39843-3C46-4D22-BABC-E4C58B840011} = {02EA681E-C7D8-13C7-8484-4AC65E1B71E8}
	EndGlobalSection
	GlobalSection(ExtensibilityGlobals) = postSolution
		SolutionGuid = {DBBD443A-448E-464C-AA1D-F72E03D5B81E}
	EndGlobalSection
EndGlobal
